
Microsoft Visual Studio Solution File, Format Version 12.00
# Visual Studio Version 16
VisualStudioVersion = 16.0.31321.278
MinimumVisualStudioVersion = 10.0.40219.1
Project("{9A19103F-16F7-4668-BE54-9A1E7A4F7556}") = "string replacement", "string replacement.csproj", "{A5753CF8-39C1-4386-9911-CC77F9E6AF69}"
EndProject
Global
	GlobalSection(SolutionConfigurationPlatforms) = preSolution
		Debug|Any CPU = Debug|Any CPU
		Release|Any CPU = Release|Any CPU
	EndGlobalSection
	GlobalSection(ProjectConfigurationPlatforms) = postSolution
		{A5753CF8-39C1-4386-9911-CC77F9E6AF69}.Debug|Any CPU.ActiveCfg = Debug|Any CPU
		{A5753CF8-39C1-4386-9911-CC77F9E6AF69}.Debug|Any CPU.Build.0 = Debug|Any CPU
		{A5753CF8-39C1-4386-9911-CC77F9E6AF69}.Release|Any CPU.ActiveCfg = Release|Any CPU
		{A5753CF8-39C1-4386-9911-CC77F9E6AF69}.Release|Any CPU.Build.0 = Release|Any CPU
	EndGlobalSection
	GlobalSection(SolutionProperties) = preSolution
		HideSolutionNode = FALSE
	EndGlobalSection
	GlobalSection(ExtensibilityGlobals) = postSolution
		SolutionGuid = {768F876C-671A-4516-B65D-0E6B3192EF9F}
	EndGlobalSection
EndGlobal
